
Microsoft Visual Studio Solution File, Format Version 12.00
# Visual Studio Version 17
VisualStudioVersion = 17.5.33516.290
MinimumVisualStudioVersion = 10.0.40219.1
Project("{FAE04EC0-301F-11D3-BF4B-00C04F79EFBC}") = "SerilogTestWinForm01", "SerilogTestWinForm01\SerilogTestWinForm01.csproj", "{002DCE56-192B-4C77-97AE-BF8B8F3EF44F}"
EndProject
Project("{FAE04EC0-301F-11D3-BF4B-00C04F79EFBC}") = "LoggingSerilog", "LoggingSerilog\LoggingSerilog.csproj", "{8F58BFB9-D343-4E5A-8B58-1B09C9107140}"
EndProject
Project("{FAE04EC0-301F-11D3-BF4B-00C04F79EFBC}") = "SerilogTestWinForm01.Service", "SerilogTestWinForm01.Service\SerilogTestWinForm01.Service.csproj", "{609F4013-8D45-447B-A0F0-CDA359586DF5}"
EndProject
Global
	GlobalSection(SolutionConfigurationPlatforms) = preSolution
		Debug|Any CPU = Debug|Any CPU
		Release|Any CPU = Release|Any CPU
	EndGlobalSection
	GlobalSection(ProjectConfigurationPlatforms) = postSolution
		{002DCE56-192B-4C77-97AE-BF8B8F3EF44F}.Debug|Any CPU.ActiveCfg = Debug|Any CPU
		{002DCE56-192B-4C77-97AE-BF8B8F3EF44F}.Debug|Any CPU.Build.0 = Debug|Any CPU
		{002DCE56-192B-4C77-97AE-BF8B8F3EF44F}.Release|Any CPU.ActiveCfg = Release|Any CPU
		{002DCE56-192B-4C77-97AE-BF8B8F3EF44F}.Release|Any CPU.Build.0 = Release|Any CPU
		{8F58BFB9-D343-4E5A-8B58-1B09C9107140}.Debug|Any CPU.ActiveCfg = Debug|Any CPU
		{8F58BFB9-D343-4E5A-8B58-1B09C9107140}.Debug|Any CPU.Build.0 = Debug|Any CPU
		{8F58BFB9-D343-4E5A-8B58-1B09C9107140}.Release|Any CPU.ActiveCfg = Release|Any CPU
		{8F58BFB9-D343-4E5A-8B58-1B09C9107140}.Release|Any CPU.Build.0 = Release|Any CPU
		{609F4013-8D45-447B-A0F0-CDA359586DF5}.Debug|Any CPU.ActiveCfg = Debug|Any CPU
		{609F4013-8D45-447B-A0F0-CDA359586DF5}.Debug|Any CPU.Build.0 = Debug|Any CPU
		{609F4013-8D45-447B-A0F0-CDA359586DF5}.Release|Any CPU.ActiveCfg = Release|Any CPU
		{609F4013-8D45-447B-A0F0-CDA359586DF5}.Release|Any CPU.Build.0 = Release|Any CPU
	EndGlobalSection
	GlobalSection(SolutionProperties) = preSolution
		HideSolutionNode = FALSE
	EndGlobalSection
	GlobalSection(ExtensibilityGlobals) = postSolution
		SolutionGuid = {54BD0A00-CFF8-4880-9E11-67359B5A2055}
	EndGlobalSection
EndGlobal
